
Microsoft Visual Studio Solution File, Format Version 12.00
# Visual Studio Version 16
VisualStudioVersion = 16.0.31105.61
MinimumVisualStudioVersion = 10.0.40219.1
Project("{FAE04EC0-301F-11D3-BF4B-00C04F79EFBC}") = "World Generator", "World Generator\World Generator.csproj", "{4ABC91CA-211B-42FF-9046-EDA54E725FC1}"
EndProject
Global
	GlobalSection(SolutionConfigurationPlatforms) = preSolution
		Debug|Any CPU = Debug|Any CPU
		Release|Any CPU = Release|Any CPU
	EndGlobalSection
	GlobalSection(ProjectConfigurationPlatforms) = postSolution
		{4ABC91CA-211B-42FF-9046-EDA54E725FC1}.Debug|Any CPU.ActiveCfg = Debug|Any CPU
		{4ABC91CA-211B-42FF-9046-EDA54E725FC1}.Debug|Any CPU.Build.0 = Debug|Any CPU
		{4ABC91CA-211B-42FF-9046-EDA54E725FC1}.Release|Any CPU.ActiveCfg = Release|Any CPU
		{4ABC91CA-211B-42FF-9046-EDA54E725FC1}.Release|Any CPU.Build.0 = Release|Any CPU
	EndGlobalSection
	GlobalSection(SolutionProperties) = preSolution
		HideSolutionNode = FALSE
	EndGlobalSection
	GlobalSection(ExtensibilityGlobals) = postSolution
		SolutionGuid = {E496FE92-B6DD-4C21-9CCF-6BBE5096EC04}
	EndGlobalSection
EndGlobal
